
Microsoft Visual Studio Solution File, Format Version 12.00
# Visual Studio 15
VisualStudioVersion = 15.0.27703.2035
MinimumVisualStudioVersion = 10.0.40219.1
Project("{2150E333-8FDC-42A3-9474-1A3956D46DE8}") = "Infrastucture", "Infrastucture", "{E2B944EF-2186-4AF4-8118-429A1A7E42EE}"
EndProject
Project("{2150E333-8FDC-42A3-9474-1A3956D46DE8}") = "Presentation", "Presentation", "{46FD7121-2F6C-4159-B80B-0DE243FB218D}"
EndProject
Project("{FAE04EC0-301F-11D3-BF4B-00C04F79EFBC}") = "FormularioServer.Infrastructure.Repository", "FormularioServer.Infrastructure.Repository\FormularioServer.Infrastructure.Repository.csproj", "{F001A5DD-57FC-4B5E-A3BC-BE1315384263}"
EndProject
Project("{FAE04EC0-301F-11D3-BF4B-00C04F79EFBC}") = "FormularioServer.Presentation.WinSite", "FormularioServer.Presentation.Winsite\FormularioServer.Presentation.WinSite.csproj", "{14511128-DFA6-41A9-8E85-276D4C9B2A58}"
EndProject
Project("{2150E333-8FDC-42A3-9474-1A3956D46DE8}") = "Pruebas", "Pruebas", "{C8A182D2-1021-465A-BABB-947E473EFCB4}"
EndProject
Project("{9A19103F-16F7-4668-BE54-9A1E7A4F7556}") = "XUnitTestProject1", "XUnitTestProject1\XUnitTestProject1.csproj", "{40C879D3-80D3-465C-8F61-B949806561E9}"
EndProject
Project("{2150E333-8FDC-42A3-9474-1A3956D46DE8}") = "Common", "Common", "{A4554C51-1DCE-4DAF-9049-BD33025EDF08}"
EndProject
Project("{FAE04EC0-301F-11D3-BF4B-00C04F79EFBC}") = "FormularioServer.Common.Model", "FormularioServer.Common.Model\FormularioServer.Common.Model.csproj", "{16F9784F-F9CA-4280-A60E-A022C4CE7A69}"
EndProject
Global
	GlobalSection(SolutionConfigurationPlatforms) = preSolution
		Debug|Any CPU = Debug|Any CPU
		Release|Any CPU = Release|Any CPU
	EndGlobalSection
	GlobalSection(ProjectConfigurationPlatforms) = postSolution
		{F001A5DD-57FC-4B5E-A3BC-BE1315384263}.Debug|Any CPU.ActiveCfg = Debug|Any CPU
		{F001A5DD-57FC-4B5E-A3BC-BE1315384263}.Debug|Any CPU.Build.0 = Debug|Any CPU
		{F001A5DD-57FC-4B5E-A3BC-BE1315384263}.Release|Any CPU.ActiveCfg = Release|Any CPU
		{F001A5DD-57FC-4B5E-A3BC-BE1315384263}.Release|Any CPU.Build.0 = Release|Any CPU
		{14511128-DFA6-41A9-8E85-276D4C9B2A58}.Debug|Any CPU.ActiveCfg = Debug|Any CPU
		{14511128-DFA6-41A9-8E85-276D4C9B2A58}.Debug|Any CPU.Build.0 = Debug|Any CPU
		{14511128-DFA6-41A9-8E85-276D4C9B2A58}.Release|Any CPU.ActiveCfg = Release|Any CPU
		{14511128-DFA6-41A9-8E85-276D4C9B2A58}.Release|Any CPU.Build.0 = Release|Any CPU
		{40C879D3-80D3-465C-8F61-B949806561E9}.Debug|Any CPU.ActiveCfg = Debug|Any CPU
		{40C879D3-80D3-465C-8F61-B949806561E9}.Debug|Any CPU.Build.0 = Debug|Any CPU
		{40C879D3-80D3-465C-8F61-B949806561E9}.Release|Any CPU.ActiveCfg = Release|Any CPU
		{40C879D3-80D3-465C-8F61-B949806561E9}.Release|Any CPU.Build.0 = Release|Any CPU
		{16F9784F-F9CA-4280-A60E-A022C4CE7A69}.Debug|Any CPU.ActiveCfg = Debug|Any CPU
		{16F9784F-F9CA-4280-A60E-A022C4CE7A69}.Debug|Any CPU.Build.0 = Debug|Any CPU
		{16F9784F-F9CA-4280-A60E-A022C4CE7A69}.Release|Any CPU.ActiveCfg = Release|Any CPU
		{16F9784F-F9CA-4280-A60E-A022C4CE7A69}.Release|Any CPU.Build.0 = Release|Any CPU
	EndGlobalSection
	GlobalSection(SolutionProperties) = preSolution
		HideSolutionNode = FALSE
	EndGlobalSection
	GlobalSection(NestedProjects) = preSolution
		{F001A5DD-57FC-4B5E-A3BC-BE1315384263} = {E2B944EF-2186-4AF4-8118-429A1A7E42EE}
		{14511128-DFA6-41A9-8E85-276D4C9B2A58} = {46FD7121-2F6C-4159-B80B-0DE243FB218D}
		{40C879D3-80D3-465C-8F61-B949806561E9} = {C8A182D2-1021-465A-BABB-947E473EFCB4}
		{16F9784F-F9CA-4280-A60E-A022C4CE7A69} = {A4554C51-1DCE-4DAF-9049-BD33025EDF08}
	EndGlobalSection
	GlobalSection(ExtensibilityGlobals) = postSolution
		SolutionGuid = {F06CF327-C509-4B3F-9EAE-12B655776466}
	EndGlobalSection
EndGlobal
